
Microsoft Visual Studio Solution File, Format Version 12.00
# Visual Studio Version 17
VisualStudioVersion = 17.6.33712.159
MinimumVisualStudioVersion = 10.0.40219.1
Project("{9A19103F-16F7-4668-BE54-9A1E7A4F7556}") = "OTTCreator.Client", "OTTCreator.Client\OTTCreator.Client.csproj", "{248C6382-2D02-47C0-85C9-4E4269CCB3CE}"
EndProject
Project("{9A19103F-16F7-4668-BE54-9A1E7A4F7556}") = "OTTCreator.WebAPI", "OTTCreator.API\OTTCreator.WebAPI.csproj", "{65748CC4-5EF6-403F-A9A3-0DEB2D931B54}"
EndProject
Project("{9A19103F-16F7-4668-BE54-9A1E7A4F7556}") = "OTTCreator.WebApp", "OTTCreator.WebApp\OTTCreator.WebApp.csproj", "{63C49AAE-E984-458C-84EB-7EE981693F1B}"
EndProject
Global
	GlobalSection(SolutionConfigurationPlatforms) = preSolution
		Debug|Any CPU = Debug|Any CPU
		Debug|ARM64 = Debug|ARM64
		Debug|x64 = Debug|x64
		Debug|x86 = Debug|x86
		Release|Any CPU = Release|Any CPU
		Release|ARM64 = Release|ARM64
		Release|x64 = Release|x64
		Release|x86 = Release|x86
	EndGlobalSection
	GlobalSection(ProjectConfigurationPlatforms) = postSolution
		{248C6382-2D02-47C0-85C9-4E4269CCB3CE}.Debug|Any CPU.ActiveCfg = Debug|Any CPU
		{248C6382-2D02-47C0-85C9-4E4269CCB3CE}.Debug|Any CPU.Build.0 = Debug|Any CPU
		{248C6382-2D02-47C0-85C9-4E4269CCB3CE}.Debug|Any CPU.Deploy.0 = Debug|Any CPU
		{248C6382-2D02-47C0-85C9-4E4269CCB3CE}.Debug|ARM64.ActiveCfg = Debug|Any CPU
		{248C6382-2D02-47C0-85C9-4E4269CCB3CE}.Debug|ARM64.Build.0 = Debug|Any CPU
		{248C6382-2D02-47C0-85C9-4E4269CCB3CE}.Debug|ARM64.Deploy.0 = Debug|Any CPU
		{248C6382-2D02-47C0-85C9-4E4269CCB3CE}.Debug|x64.ActiveCfg = Debug|Any CPU
		{248C6382-2D02-47C0-85C9-4E4269CCB3CE}.Debug|x64.Build.0 = Debug|Any CPU
		{248C6382-2D02-47C0-85C9-4E4269CCB3CE}.Debug|x64.Deploy.0 = Debug|Any CPU
		{248C6382-2D02-47C0-85C9-4E4269CCB3CE}.Debug|x86.ActiveCfg = Debug|Any CPU
		{248C6382-2D02-47C0-85C9-4E4269CCB3CE}.Debug|x86.Build.0 = Debug|Any CPU
		{248C6382-2D02-47C0-85C9-4E4269CCB3CE}.Debug|x86.Deploy.0 = Debug|Any CPU
		{248C6382-2D02-47C0-85C9-4E4269CCB3CE}.Release|Any CPU.ActiveCfg = Release|Any CPU
		{248C6382-2D02-47C0-85C9-4E4269CCB3CE}.Release|Any CPU.Build.0 = Release|Any CPU
		{248C6382-2D02-47C0-85C9-4E4269CCB3CE}.Release|Any CPU.Deploy.0 = Release|Any CPU
		{248C6382-2D02-47C0-85C9-4E4269CCB3CE}.Release|ARM64.ActiveCfg = Release|Any CPU
		{248C6382-2D02-47C0-85C9-4E4269CCB3CE}.Release|ARM64.Build.0 = Release|Any CPU
		{248C6382-2D02-47C0-85C9-4E4269CCB3CE}.Release|ARM64.Deploy.0 = Release|Any CPU
		{248C6382-2D02-47C0-85C9-4E4269CCB3CE}.Release|x64.ActiveCfg = Release|Any CPU
		{248C6382-2D02-47C0-85C9-4E4269CCB3CE}.Release|x64.Build.0 = Release|Any CPU
		{248C6382-2D02-47C0-85C9-4E4269CCB3CE}.Release|x64.Deploy.0 = Release|Any CPU
		{248C6382-2D02-47C0-85C9-4E4269CCB3CE}.Release|x86.ActiveCfg = Release|Any CPU
		{248C6382-2D02-47C0-85C9-4E4269CCB3CE}.Release|x86.Build.0 = Release|Any CPU
		{248C6382-2D02-47C0-85C9-4E4269CCB3CE}.Release|x86.Deploy.0 = Release|Any CPU
		{65748CC4-5EF6-403F-A9A3-0DEB2D931B54}.Debug|Any CPU.ActiveCfg = Debug|Any CPU
		{65748CC4-5EF6-403F-A9A3-0DEB2D931B54}.Debug|Any CPU.Build.0 = Debug|Any CPU
		{65748CC4-5EF6-403F-A9A3-0DEB2D931B54}.Debug|ARM64.ActiveCfg = Debug|Any CPU
		{65748CC4-5EF6-403F-A9A3-0DEB2D931B54}.Debug|ARM64.Build.0 = Debug|Any CPU
		{65748CC4-5EF6-403F-A9A3-0DEB2D931B54}.Debug|x64.ActiveCfg = Debug|Any CPU
		{65748CC4-5EF6-403F-A9A3-0DEB2D931B54}.Debug|x64.Build.0 = Debug|Any CPU
		{65748CC4-5EF6-403F-A9A3-0DEB2D931B54}.Debug|x86.ActiveCfg = Debug|Any CPU
		{65748CC4-5EF6-403F-A9A3-0DEB2D931B54}.Debug|x86.Build.0 = Debug|Any CPU
		{65748CC4-5EF6-403F-A9A3-0DEB2D931B54}.Release|Any CPU.ActiveCfg = Release|Any CPU
		{65748CC4-5EF6-403F-A9A3-0DEB2D931B54}.Release|Any CPU.Build.0 = Release|Any CPU
		{65748CC4-5EF6-403F-A9A3-0DEB2D931B54}.Release|ARM64.ActiveCfg = Release|Any CPU
		{65748CC4-5EF6-403F-A9A3-0DEB2D931B54}.Release|ARM64.Build.0 = Release|Any CPU
		{65748CC4-5EF6-403F-A9A3-0DEB2D931B54}.Release|x64.ActiveCfg = Release|Any CPU
		{65748CC4-5EF6-403F-A9A3-0DEB2D931B54}.Release|x64.Build.0 = Release|Any CPU
		{65748CC4-5EF6-403F-A9A3-0DEB2D931B54}.Release|x86.ActiveCfg = Release|Any CPU
		{65748CC4-5EF6-403F-A9A3-0DEB2D931B54}.Release|x86.Build.0 = Release|Any CPU
		{63C49AAE-E984-458C-84EB-7EE981693F1B}.Debug|Any CPU.ActiveCfg = Debug|Any CPU
		{63C49AAE-E984-458C-84EB-7EE981693F1B}.Debug|Any CPU.Build.0 = Debug|Any CPU
		{63C49AAE-E984-458C-84EB-7EE981693F1B}.Debug|ARM64.ActiveCfg = Debug|Any CPU
		{63C49AAE-E984-458C-84EB-7EE981693F1B}.Debug|ARM64.Build.0 = Debug|Any CPU
		{63C49AAE-E984-458C-84EB-7EE981693F1B}.Debug|x64.ActiveCfg = Debug|Any CPU
		{63C49AAE-E984-458C-84EB-7EE981693F1B}.Debug|x64.Build.0 = Debug|Any CPU
		{63C49AAE-E984-458C-84EB-7EE981693F1B}.Debug|x86.ActiveCfg = Debug|Any CPU
		{63C49AAE-E984-458C-84EB-7EE981693F1B}.Debug|x86.Build.0 = Debug|Any CPU
		{63C49AAE-E984-458C-84EB-7EE981693F1B}.Release|Any CPU.ActiveCfg = Release|Any CPU
		{63C49AAE-E984-458C-84EB-7EE981693F1B}.Release|Any CPU.Build.0 = Release|Any CPU
		{63C49AAE-E984-458C-84EB-7EE981693F1B}.Release|ARM64.ActiveCfg = Release|Any CPU
		{63C49AAE-E984-458C-84EB-7EE981693F1B}.Release|ARM64.Build.0 = Release|Any CPU
		{63C49AAE-E984-458C-84EB-7EE981693F1B}.Release|x64.ActiveCfg = Release|Any CPU
		{63C49AAE-E984-458C-84EB-7EE981693F1B}.Release|x64.Build.0 = Release|Any CPU
		{63C49AAE-E984-458C-84EB-7EE981693F1B}.Release|x86.ActiveCfg = Release|Any CPU
		{63C49AAE-E984-458C-84EB-7EE981693F1B}.Release|x86.Build.0 = Release|Any CPU
	EndGlobalSection
	GlobalSection(SolutionProperties) = preSolution
		HideSolutionNode = FALSE
	EndGlobalSection
	GlobalSection(ExtensibilityGlobals) = postSolution
		SolutionGuid = {4669B904-EBEC-4560-8918-F25C4D3AB4DC}
	EndGlobalSection
EndGlobal
